
Microsoft Visual Studio Solution File, Format Version 12.00
# Visual Studio Version 17
VisualStudioVersion = 17.14.36301.6 d17.14
MinimumVisualStudioVersion = 10.0.40219.1
Project("{FAE04EC0-301F-11D3-BF4B-00C04F79EFBC}") = "Finance_Management", "Finance_Management\Finance_Management.csproj", "{EDC29BFB-ED7A-4A83-B61C-843728C6E2D7}"
EndProject
Global
	GlobalSection(SolutionConfigurationPlatforms) = preSolution
		Debug|Any CPU = Debug|Any CPU
		Release|Any CPU = Release|Any CPU
	EndGlobalSection
	GlobalSection(ProjectConfigurationPlatforms) = postSolution
		{EDC29BFB-ED7A-4A83-B61C-843728C6E2D7}.Debug|Any CPU.ActiveCfg = Debug|Any CPU
		{EDC29BFB-ED7A-4A83-B61C-843728C6E2D7}.Debug|Any CPU.Build.0 = Debug|Any CPU
		{EDC29BFB-ED7A-4A83-B61C-843728C6E2D7}.Release|Any CPU.ActiveCfg = Release|Any CPU
		{EDC29BFB-ED7A-4A83-B61C-843728C6E2D7}.Release|Any CPU.Build.0 = Release|Any CPU
	EndGlobalSection
	GlobalSection(SolutionProperties) = preSolution
		HideSolutionNode = FALSE
	EndGlobalSection
	GlobalSection(ExtensibilityGlobals) = postSolution
		SolutionGuid = {64E69AF7-D862-4EB8-AE6D-5D381469D069}
	EndGlobalSection
EndGlobal
